# This file is automatically @generated by Cargo.
# It is not intended for manual editing.
version = 4

[[package]]
name = "api"
version = "0.1.0"

[[package]]
name = "auth"
version = "0.1.0"

[[package]]
name = "blogs"
version = "0.1.0"

[[package]]
name = "cache"
version = "0.1.0"

[[package]]
name = "config"
version = "0.1.0"

[[package]]
name = "db"
version = "0.1.0"

[[package]]
name = "devices"
version = "0.1.0"

[[package]]
name = "email"
version = "0.1.0"

[[package]]
name = "error"
version = "0.1.0"

[[package]]
name = "graphql"
version = "0.1.0"

[[package]]
name = "stats"
version = "0.1.0"

[[package]]
name = "users"
version = "0.1.0"
